<?xml version="1.0" encoding="utf-8"?>
<Project ToolsVersion="4.0" xmlns="http://schemas.microsoft.com/developer/msbuild/2003">
  <ItemGroup>
    <Filter Include="src">
      <UniqueIdentifier>{4FC737F1-C7A5-4376-A066-2A32D752A2FF}</UniqueIdentifier>
    </Filter>
    <Filter Include="src\core">
      <UniqueIdentifier>{11111111-1111-1111-1111-111111111111}</UniqueIdentifier>
    </Filter>
    <Filter Include="src\graphics">
      <UniqueIdentifier>{22222222-2222-2222-2222-222222222222}</UniqueIdentifier>
    </Filter>
    <Filter Include="src\scene">
      <UniqueIdentifier>{33333333-3333-3333-3333-333333333333}</UniqueIdentifier>
    </Filter>
    <Filter Include="src\utils">
      <UniqueIdentifier>{44444444-4444-4444-4444-444444444444}</UniqueIdentifier>
    </Filter>
    <Filter Include="shaders">
      <UniqueIdentifier>{55555555-5555-5555-5555-555555555555}</UniqueIdentifier>
    </Filter>
  </ItemGroup>
  <ItemGroup>
    <ClCompile Include="src\core\InputManager.cpp">
      <Filter>src\core</Filter>
    </ClCompile>
    <ClCompile Include="src\core\main.cpp">
      <Filter>src\core</Filter>
    </ClCompile>
    <ClCompile Include="src\core\stdafx.cpp">
      <Filter>src\core</Filter>
    </ClCompile>
    <ClCompile Include="src\graphics\CascadeShadow.cpp">
      <Filter>src\graphics</Filter>
    </ClCompile>
    <ClCompile Include="src\graphics\Light.cpp">
      <Filter>src\graphics</Filter>
    </ClCompile>
    <ClCompile Include="src\graphics\Material.cpp">
      <Filter>src\graphics</Filter>
    </ClCompile>
    <ClCompile Include="src\graphics\Mesh.cpp">
      <Filter>src\graphics</Filter>
    </ClCompile>
    <ClCompile Include="src\graphics\RenderGraph.cpp">
      <Filter>src\graphics</Filter>
    </ClCompile>
    <ClCompile Include="src\graphics\Renderer.cpp">
      <Filter>src\graphics</Filter>
    </ClCompile>
    <ClCompile Include="src\graphics\Shader.cpp">
      <Filter>src\graphics</Filter>
    </ClCompile>
    <ClCompile Include="src\graphics\ShaderLayout.cpp">
      <Filter>src\graphics</Filter>
    </ClCompile>
    <ClCompile Include="src\graphics\Texture.cpp">
      <Filter>src\graphics</Filter>
    </ClCompile>
    <ClCompile Include="src\scene\GameCamera.cpp">
      <Filter>src\scene</Filter>
    </ClCompile>
    <ClCompile Include="src\scene\GameObject.cpp">
      <Filter>src\scene</Filter>
    </ClCompile>
    <ClCompile Include="src\scene\GameScene.cpp">
      <Filter>src\scene</Filter>
    </ClCompile>
    <ClCompile Include="src\scene\TestbedScene.cpp">
      <Filter>src\scene</Filter>
    </ClCompile>
    <ClCompile Include="src\scene\Transform.cpp">
      <Filter>src\scene</Filter>
    </ClCompile>
    <ClCompile Include="src\utils\GltfLoader.cpp">
      <Filter>src\utils</Filter>
    </ClCompile>
  </ItemGroup>
  <ItemGroup>
    <ClInclude Include="src\core\InputManager.h">
      <Filter>src\core</Filter>
    </ClInclude>
    <ClInclude Include="src\core\stdafx.h">
      <Filter>src\core</Filter>
    </ClInclude>
    <ClInclude Include="src\graphics\CascadeShadow.h">
      <Filter>src\graphics</Filter>
    </ClInclude>
    <ClInclude Include="src\graphics\Light.h">
      <Filter>src\graphics</Filter>
    </ClInclude>
    <ClInclude Include="src\graphics\Material.h">
      <Filter>src\graphics</Filter>
    </ClInclude>
    <ClInclude Include="src\graphics\Mesh.h">
      <Filter>src\graphics</Filter>
    </ClInclude>
    <ClInclude Include="src\graphics\RenderGraph.h">
      <Filter>src\graphics</Filter>
    </ClInclude>
    <ClInclude Include="src\graphics\Renderer.h">
      <Filter>src\graphics</Filter>
    </ClInclude>
    <ClInclude Include="src\graphics\Shader.h">
      <Filter>src\graphics</Filter>
    </ClInclude>
    <ClInclude Include="src\graphics\ShaderLayout.h">
      <Filter>src\graphics</Filter>
    </ClInclude>
    <ClInclude Include="src\graphics\Texture.h">
      <Filter>src\graphics</Filter>
    </ClInclude>
    <ClInclude Include="src\scene\GameCamera.h">
      <Filter>src\scene</Filter>
    </ClInclude>
    <ClInclude Include="src\scene\GameObject.h">
      <Filter>src\scene</Filter>
    </ClInclude>
    <ClInclude Include="src\scene\GameScene.h">
      <Filter>src\scene</Filter>
    </ClInclude>
    <ClInclude Include="src\scene\TestbedScene.h">
      <Filter>src\scene</Filter>
    </ClInclude>
    <ClInclude Include="src\scene\Transform.h">
      <Filter>src\scene</Filter>
    </ClInclude>
    <ClInclude Include="src\utils\GltfLoader.h">
      <Filter>src\utils</Filter>
    </ClInclude>
  </ItemGroup>
  <ItemGroup>
    <None Include="shaders\common.glsl">
      <Filter>shaders</Filter>
    </None>
    <None Include="shaders\global_types.glsl">
      <Filter>shaders</Filter>
    </None>
    <None Include="shaders\input_attributes.glsl">
      <Filter>shaders</Filter>
    </None>
    <None Include="shaders\pbr_common.glsl">
      <Filter>shaders</Filter>
    </None>
    <None Include="shaders\skybox.glsl">
      <Filter>shaders</Filter>
    </None>
    <None Include="shaders\standard.glsl">
      <Filter>shaders</Filter>
    </None>
  </ItemGroup>
  <ItemGroup>
    <CustomBuild Include="shaders\shadow.frag">
      <Filter>shaders</Filter>
    </CustomBuild>
    <CustomBuild Include="shaders\shadow.vert">
      <Filter>shaders</Filter>
    </CustomBuild>
    <CustomBuild Include="shaders\skybox.frag">
      <Filter>shaders</Filter>
    </CustomBuild>
    <CustomBuild Include="shaders\skybox.vert">
      <Filter>shaders</Filter>
    </CustomBuild>
    <CustomBuild Include="shaders\standard.frag">
      <Filter>shaders</Filter>
    </CustomBuild>
    <CustomBuild Include="shaders\standard.vert">
      <Filter>shaders</Filter>
    </CustomBuild>
  </ItemGroup>
</Project>